<?xml version="1.0" encoding="utf-8"?>
<Project ToolsVersion="4.0" xmlns="http://schemas.microsoft.com/developer/msbuild/2003">
  <ItemGroup>
    <Filter Include="Source Files">
      <UniqueIdentifier>{4FC737F1-C7A5-4376-A066-2A32D752A2FF}</UniqueIdentifier>
      <Extensions>cpp;c;cc;cxx;def;odl;idl;hpj;bat;asm;asmx</Extensions>
    </Filter>
    <Filter Include="Header Files">
      <UniqueIdentifier>{93995380-89BD-4b04-88EB-625FBE52EBFB}</UniqueIdentifier>
      <Extensions>h;hh;hpp;hxx;hm;inl;inc;ipp;xsd</Extensions>
    </Filter>
    <Filter Include="Resource Files">
      <UniqueIdentifier>{67DA6AB6-F800-4c08-8B7A-83BB121AAD01}</UniqueIdentifier>
      <Extensions>rc;ico;cur;bmp;dlg;rc2;rct;bin;rgs;gif;jpg;jpeg;jpe;resx;tiff;tif;png;wav;mfcribbon-ms</Extensions>
    </Filter>
  </ItemGroup>
  <ItemGroup>
    <ClCompile Include="TileSetEditor.cpp">
      <Filter>Source Files</Filter>
    </ClCompile>
    <ClCompile Include="TileSetApp.cpp">
      <Filter>Source Files</Filter>
    </ClCompile>
    <ClCompile Include="ContentBrowserControl.cpp">
      <Filter>Source Files</Filter>
    </ClCompile>
    <ClCompile Include="ContentItem.cpp">
      <Filter>Source Files</Filter>
    </ClCompile>
    <ClCompile Include="TileEditorControl.cpp">
      <Filter>Source Files</Filter>
    </ClCompile>
    <ClCompile Include="ImageDropControl.cpp">
      <Filter>Source Files</Filter>
    </ClCompile>
    <ClCompile Include="MapGizmo.cpp">
      <Filter>Source Files</Filter>
    </ClCompile>
    <ClCompile Include="EditorGlobal.cpp">
      <Filter>Source Files</Filter>
    </ClCompile>
    <ClCompile Include="BakeMapWin.cpp">
      <Filter>Source Files</Filter>
    </ClCompile>
  </ItemGroup>
  <ItemGroup>
    <ClInclude Include="TileSetApp.h">
      <Filter>Header Files</Filter>
    </ClInclude>
    <ClInclude Include="ContentBrowserControl.h">
      <Filter>Header Files</Filter>
    </ClInclude>
    <ClInclude Include="ContentItem.h">
      <Filter>Header Files</Filter>
    </ClInclude>
    <ClInclude Include="TileEditorControl.h">
      <Filter>Header Files</Filter>
    </ClInclude>
    <ClInclude Include="ImageDropControl.h">
      <Filter>Header Files</Filter>
    </ClInclude>
    <ClInclude Include="MapGizmo.h">
      <Filter>Header Files</Filter>
    </ClInclude>
    <ClInclude Include="EditorGlobal.h">
      <Filter>Header Files</Filter>
    </ClInclude>
    <ClInclude Include="BakeMapWin.h">
      <Filter>Header Files</Filter>
    </ClInclude>
    <ClInclude Include="VirtualFileSystem.h">
      <Filter>Header Files</Filter>
    </ClInclude>
    <ClInclude Include="VirtualFile.h">
      <Filter>Header Files</Filter>
    </ClInclude>
  </ItemGroup>
  <ItemGroup>
    <None Include="packages.config" />
  </ItemGroup>
</Project>