<?xml version="1.0" encoding="utf-8"?>
<Project ToolsVersion="4.0" xmlns="http://schemas.microsoft.com/developer/msbuild/2003">
  <ItemGroup>
    <Filter Include="Source Files">
      <UniqueIdentifier>{4FC737F1-C7A5-4376-A066-2A32D752A2FF}</UniqueIdentifier>
      <Extensions>cpp;c;cc;cxx;def;odl;idl;hpj;bat;asm;asmx</Extensions>
    </Filter>
    <Filter Include="Header Files">
      <UniqueIdentifier>{93995380-89BD-4b04-88EB-625FBE52EBFB}</UniqueIdentifier>
      <Extensions>h;hh;hpp;hxx;hm;inl;inc;ipp;xsd</Extensions>
    </Filter>
    <Filter Include="Resource Files">
      <UniqueIdentifier>{67DA6AB6-F800-4c08-8B7A-83BB121AAD01}</UniqueIdentifier>
      <Extensions>rc;ico;cur;bmp;dlg;rc2;rct;bin;rgs;gif;jpg;jpeg;jpe;resx;tiff;tif;png;wav;mfcribbon-ms</Extensions>
    </Filter>
    <Filter Include="Header Files\App">
      <UniqueIdentifier>{b7e360f6-b876-4482-b4d4-8cbcfa855bda}</UniqueIdentifier>
    </Filter>
    <Filter Include="Header Files\UI">
      <UniqueIdentifier>{caa22cda-99be-490d-b3b2-f7fc599278ed}</UniqueIdentifier>
    </Filter>
    <Filter Include="Header Files\Texture">
      <UniqueIdentifier>{e905a15c-0eae-4d36-849c-4841ee2974c5}</UniqueIdentifier>
    </Filter>
    <Filter Include="Header Files\Map">
      <UniqueIdentifier>{f7698355-1c13-4334-b849-2e07ef99723c}</UniqueIdentifier>
    </Filter>
    <Filter Include="Header Files\Framebuffer">
      <UniqueIdentifier>{706eeeb2-c6d0-47b8-a57a-b68baa84126e}</UniqueIdentifier>
    </Filter>
    <Filter Include="Header Files\Effect">
      <UniqueIdentifier>{3e1d828c-98d9-4fec-a4d7-28a930f2bf0d}</UniqueIdentifier>
    </Filter>
    <Filter Include="Header Files\Draw">
      <UniqueIdentifier>{a9b58e45-f82e-4b97-a0ad-c23d840f38b4}</UniqueIdentifier>
    </Filter>
    <Filter Include="Header Files\Util">
      <UniqueIdentifier>{e23b1112-262f-4293-8ce8-4f349f545806}</UniqueIdentifier>
    </Filter>
    <Filter Include="Source Files\UI">
      <UniqueIdentifier>{249cfdcc-bcc5-4d64-8fbc-fc1f8729b02b}</UniqueIdentifier>
    </Filter>
    <Filter Include="Source Files\App">
      <UniqueIdentifier>{d9e3a2fa-439f-4c3b-af7e-59b5e39a9618}</UniqueIdentifier>
    </Filter>
    <Filter Include="Source Files\Framebuffer">
      <UniqueIdentifier>{aa43824e-7432-44eb-a562-c8772c2b2ec1}</UniqueIdentifier>
    </Filter>
    <Filter Include="Source Files\Draw">
      <UniqueIdentifier>{bd72ba62-be14-4621-86ab-6a46302afeeb}</UniqueIdentifier>
    </Filter>
    <Filter Include="Source Files\Effect">
      <UniqueIdentifier>{ac83e562-2ee0-4cbb-888b-615adee52585}</UniqueIdentifier>
    </Filter>
    <Filter Include="Source Files\Map">
      <UniqueIdentifier>{4aa31bca-4f9e-4353-a7cd-4b1732bbb26d}</UniqueIdentifier>
    </Filter>
    <Filter Include="Source Files\Texture">
      <UniqueIdentifier>{9944d96c-a40b-4300-9d95-dd52bcf3edff}</UniqueIdentifier>
    </Filter>
    <Filter Include="Source Files\Util">
      <UniqueIdentifier>{ced142f9-8e0d-4525-be10-28590f8bc693}</UniqueIdentifier>
    </Filter>
    <Filter Include="Sound">
      <UniqueIdentifier>{ba7bf14b-08da-4170-869d-e38050985aed}</UniqueIdentifier>
    </Filter>
    <Filter Include="Header Files\Sound">
      <UniqueIdentifier>{d4016f64-0cc5-4437-8f8b-919bf0c3fe18}</UniqueIdentifier>
    </Filter>
    <Filter Include="Source Files\Sound">
      <UniqueIdentifier>{db79e88b-408d-45fa-8493-1a3ccba7182b}</UniqueIdentifier>
    </Filter>
    <Filter Include="Source Files\AI">
      <UniqueIdentifier>{a713ca98-e9b3-49ee-8cad-5138a49b6fcb}</UniqueIdentifier>
    </Filter>
    <Filter Include="Source Files\CL">
      <UniqueIdentifier>{3de6426a-4d5a-411a-a88d-44172c3195bc}</UniqueIdentifier>
    </Filter>
    <Filter Include="Source Files\IO">
      <UniqueIdentifier>{219208b3-37b1-4eee-99ab-58639379eac1}</UniqueIdentifier>
    </Filter>
    <Filter Include="Source Files\VFX">
      <UniqueIdentifier>{8e05f8d7-66c1-422f-85cf-31c1c3dbfe5c}</UniqueIdentifier>
    </Filter>
    <Filter Include="Source Files\Sound\NewFilter1">
      <UniqueIdentifier>{9a046693-c543-4d17-a84d-9f7384219768}</UniqueIdentifier>
    </Filter>
    <Filter Include="Source Files\Script">
      <UniqueIdentifier>{526bc218-1796-416d-86c7-3011078ab9a1}</UniqueIdentifier>
    </Filter>
    <Filter Include="Source Files\Input">
      <UniqueIdentifier>{836d6c0f-e29f-4627-96fa-9304285ce19f}</UniqueIdentifier>
    </Filter>
    <Filter Include="Header Files\AI">
      <UniqueIdentifier>{32a759e1-2e50-49ee-bb98-3f0d5e5e734a}</UniqueIdentifier>
    </Filter>
    <Filter Include="Header Files\CL">
      <UniqueIdentifier>{50886381-6d16-414c-8f9a-dce436c53a81}</UniqueIdentifier>
    </Filter>
    <Filter Include="Header Files\VFX">
      <UniqueIdentifier>{67532c4f-453b-4147-955d-7c285b201ee0}</UniqueIdentifier>
    </Filter>
    <Filter Include="Header Files\IO">
      <UniqueIdentifier>{0720ccb5-ca0c-47af-8993-0aa9ae5772ee}</UniqueIdentifier>
    </Filter>
    <Filter Include="Header Files\Input">
      <UniqueIdentifier>{800e0f5e-b8c3-490e-aa7f-2551af46ac63}</UniqueIdentifier>
    </Filter>
    <Filter Include="Header Files\Script">
      <UniqueIdentifier>{96eb8935-82e7-462f-910b-44338c4f85d2}</UniqueIdentifier>
    </Filter>
    <Filter Include="Header Files\Video">
      <UniqueIdentifier>{cb216d47-5927-4a96-bdc8-43a7e4dd89e5}</UniqueIdentifier>
    </Filter>
    <Filter Include="Header Files\Maths">
      <UniqueIdentifier>{dc218486-c2ca-4430-8cca-b8e961dfc452}</UniqueIdentifier>
    </Filter>
    <Filter Include="Header Files\Mesh">
      <UniqueIdentifier>{69160642-f2c5-4003-a6e7-3213d7ee81f3}</UniqueIdentifier>
    </Filter>
    <Filter Include="Header Files\SceneGraph">
      <UniqueIdentifier>{84bd0736-2576-45de-98ab-1d0ccf9bfca1}</UniqueIdentifier>
    </Filter>
    <Filter Include="Source Files\Mesh">
      <UniqueIdentifier>{5e8a74f3-d8ae-41a4-91a5-82748ef43a38}</UniqueIdentifier>
    </Filter>
    <Filter Include="Source Files\SceneGraph">
      <UniqueIdentifier>{ce81b10f-4e96-4ea4-8a38-e5bf91c07bbc}</UniqueIdentifier>
    </Filter>
    <Filter Include="Header Files\Import">
      <UniqueIdentifier>{81eb740e-74cd-4494-bb29-8c5c2e141408}</UniqueIdentifier>
    </Filter>
    <Filter Include="Source Files\Import">
      <UniqueIdentifier>{d8db945c-541f-48d7-9ec1-14c8740bfd8b}</UniqueIdentifier>
    </Filter>
  </ItemGroup>
  <ItemGroup>
    <ClInclude Include="framework.h">
      <Filter>Header Files</Filter>
    </ClInclude>
    <ClInclude Include="pch.h">
      <Filter>Header Files</Filter>
    </ClInclude>
    <ClInclude Include="stb_image.h">
      <Filter>Header Files</Filter>
    </ClInclude>
    <ClInclude Include="stb_truetype.h">
      <Filter>Header Files</Filter>
    </ClInclude>
    <ClInclude Include="Application.h">
      <Filter>Header Files\App</Filter>
    </ClInclude>
    <ClInclude Include="ButtonControl.h">
      <Filter>Header Files\UI</Filter>
    </ClInclude>
    <ClInclude Include="FileRequestorControl.h">
      <Filter>Header Files\UI</Filter>
    </ClInclude>
    <ClInclude Include="FrameBufferControl.h">
      <Filter>Header Files\UI</Filter>
    </ClInclude>
    <ClInclude Include="HorizontalSplitterControl.h">
      <Filter>Header Files\UI</Filter>
    </ClInclude>
    <ClInclude Include="ImageControl.h">
      <Filter>Header Files\UI</Filter>
    </ClInclude>
    <ClInclude Include="ListControl.h">
      <Filter>Header Files\UI</Filter>
    </ClInclude>
    <ClInclude Include="MainMenuControl.h">
      <Filter>Header Files\UI</Filter>
    </ClInclude>
    <ClInclude Include="MapEditControl.h">
      <Filter>Header Files\UI</Filter>
    </ClInclude>
    <ClInclude Include="UI.h">
      <Filter>Header Files\UI</Filter>
    </ClInclude>
    <ClInclude Include="UIControl.h">
      <Filter>Header Files\UI</Filter>
    </ClInclude>
    <ClInclude Include="UIEvent.h">
      <Filter>Header Files\UI</Filter>
    </ClInclude>
    <ClInclude Include="UIFont.h">
      <Filter>Header Files\UI</Filter>
    </ClInclude>
    <ClInclude Include="UIEventClick.h">
      <Filter>Header Files\UI</Filter>
    </ClInclude>
    <ClInclude Include="VerticalSplitterControl.h">
      <Filter>Header Files\UI</Filter>
    </ClInclude>
    <ClInclude Include="WindowControl.h">
      <Filter>Header Files\UI</Filter>
    </ClInclude>
    <ClInclude Include="UITheme.h">
      <Filter>Header Files\UI</Filter>
    </ClInclude>
    <ClInclude Include="UITheme_Neon.h">
      <Filter>Header Files\UI</Filter>
    </ClInclude>
    <ClInclude Include="Texture2D.h">
      <Filter>Header Files\Texture</Filter>
    </ClInclude>
    <ClInclude Include="Map.h">
      <Filter>Header Files\Map</Filter>
    </ClInclude>
    <ClInclude Include="MapTile.h">
      <Filter>Header Files\Map</Filter>
    </ClInclude>
    <ClInclude Include="kFrameBuffer.h">
      <Filter>Header Files\Framebuffer</Filter>
    </ClInclude>
    <ClInclude Include="kEffect.h">
      <Filter>Header Files\Effect</Filter>
    </ClInclude>
    <ClInclude Include="FXImageDraw.h">
      <Filter>Header Files\Effect</Filter>
    </ClInclude>
    <ClInclude Include="IDraw.h">
      <Filter>Header Files\Draw</Filter>
    </ClInclude>
    <ClInclude Include="kFont.h">
      <Filter>Header Files\Draw</Filter>
    </ClInclude>
    <ClInclude Include="Utils.h">
      <Filter>Header Files\Util</Filter>
    </ClInclude>
    <ClInclude Include="HorizontalSliderControl.h">
      <Filter>Header Files\UI</Filter>
    </ClInclude>
    <ClInclude Include="VerticalSrollerControl.h">
      <Filter>Header Files\UI</Filter>
    </ClInclude>
    <ClInclude Include="MapLight.h">
      <Filter>Header Files\Map</Filter>
    </ClInclude>
    <ClInclude Include="LabelControl.h">
      <Filter>Header Files\UI</Filter>
    </ClInclude>
    <ClInclude Include="VideoPlayerControl.h">
      <Filter>Header Files\UI</Filter>
    </ClInclude>
    <ClInclude Include="FXLight2D.h">
      <Filter>Header Files\Effect</Filter>
    </ClInclude>
    <ClInclude Include="MapNode.h">
      <Filter>Header Files\Map</Filter>
    </ClInclude>
    <ClInclude Include="AppState.h">
      <Filter>Header Files\App</Filter>
    </ClInclude>
    <ClInclude Include="BoolControl.h">
      <Filter>Header Files\UI</Filter>
    </ClInclude>
    <ClInclude Include="MapSprite.h">
      <Filter>Header Files\Map</Filter>
    </ClInclude>
    <ClInclude Include="TextBoxControl.h">
      <Filter>Header Files\UI</Filter>
    </ClInclude>
    <ClInclude Include="ToolsControl.h">
      <Filter>Header Files\UI</Filter>
    </ClInclude>
    <ClInclude Include="TreeViewControl.h">
      <Filter>Header Files\UI</Filter>
    </ClInclude>
    <ClInclude Include="TreeItem.h">
      <Filter>Header Files\UI</Filter>
    </ClInclude>
    <ClInclude Include="NumericControl.h">
      <Filter>Header Files\UI</Filter>
    </ClInclude>
    <ClInclude Include="SpriteAnim.h">
      <Filter>Header Files\Map</Filter>
    </ClInclude>
    <ClInclude Include="SoundEngine.h">
      <Filter>Header Files\Sound</Filter>
    </ClInclude>
    <ClInclude Include="AIFSM.h">
      <Filter>Header Files\AI</Filter>
    </ClInclude>
    <ClInclude Include="AIState.h">
      <Filter>Header Files\AI</Filter>
    </ClInclude>
    <ClInclude Include="CLImageProcessor.h">
      <Filter>Header Files\CL</Filter>
    </ClInclude>
    <ClInclude Include="ShadowBaker.h">
      <Filter>Header Files\CL</Filter>
    </ClInclude>
    <ClInclude Include="EngGlobal.h">
      <Filter>Header Files\App</Filter>
    </ClInclude>
    <ClInclude Include="FXPreShadow2D.h">
      <Filter>Header Files\Effect</Filter>
    </ClInclude>
    <ClInclude Include="FXLightMap2D.h">
      <Filter>Header Files\Effect</Filter>
    </ClInclude>
    <ClInclude Include="FXShadow2D.h">
      <Filter>Header Files\Effect</Filter>
    </ClInclude>
    <ClInclude Include="FXSoftParticle2D.h">
      <Filter>Header Files\Effect</Filter>
    </ClInclude>
    <ClInclude Include="ParticleBase.h">
      <Filter>Header Files\VFX</Filter>
    </ClInclude>
    <ClInclude Include="SoundChannel.h">
      <Filter>Header Files\Sound</Filter>
    </ClInclude>
    <ClInclude Include="SoundSource.h">
      <Filter>Header Files\Sound</Filter>
    </ClInclude>
    <ClInclude Include="VirtualFileSystem.h">
      <Filter>Header Files\IO</Filter>
    </ClInclude>
    <ClInclude Include="VirtualFile.h">
      <Filter>Header Files\IO</Filter>
    </ClInclude>
    <ClInclude Include="VFile.h">
      <Filter>Header Files\IO</Filter>
    </ClInclude>
    <ClInclude Include="MapRenderer.h">
      <Filter>Header Files\Map</Filter>
    </ClInclude>
    <ClInclude Include="MapDecal.h">
      <Filter>Header Files\Map</Filter>
    </ClInclude>
    <ClInclude Include="VString.h">
      <Filter>Header Files\Util</Filter>
    </ClInclude>
    <ClInclude Include="VList.h">
      <Filter>Header Files\Util</Filter>
    </ClInclude>
    <ClInclude Include="TMaths.h">
      <Filter>Header Files\Util</Filter>
    </ClInclude>
    <ClInclude Include="strings.h">
      <Filter>Header Files\Util</Filter>
    </ClInclude>
    <ClInclude Include="tinydir.h">
      <Filter>Header Files\Util</Filter>
    </ClInclude>
    <ClInclude Include="ControlInput.h">
      <Filter>Header Files\Input</Filter>
    </ClInclude>
    <ClInclude Include="ParticleSystem.h">
      <Filter>Header Files\VFX</Filter>
    </ClInclude>
    <ClInclude Include="NodeServer.h">
      <Filter>Header Files\Script</Filter>
    </ClInclude>
    <ClInclude Include="LScript.h">
      <Filter>Header Files\Script</Filter>
    </ClInclude>
    <ClInclude Include="Mesh2D.h">
      <Filter>Header Files\Map</Filter>
    </ClInclude>
    <ClInclude Include="SimpleMath.h">
      <Filter>Header Files\Util</Filter>
    </ClInclude>
    <ClInclude Include="grand.h">
      <Filter>Header Files\Util</Filter>
    </ClInclude>
    <ClInclude Include="VidNative.h">
      <Filter>Header Files\Video</Filter>
    </ClInclude>
    <ClInclude Include="Vec2.h">
      <Filter>Header Files\Maths</Filter>
    </ClInclude>
    <ClInclude Include="ModelImport.h">
      <Filter>Header Files\Import</Filter>
    </ClInclude>
    <ClInclude Include="Mesh3D.h">
      <Filter>Header Files\Mesh</Filter>
    </ClInclude>
    <ClInclude Include="DataTypes.h">
      <Filter>Header Files\Mesh</Filter>
    </ClInclude>
    <ClInclude Include="SceneGraph.h">
      <Filter>Header Files\SceneGraph</Filter>
    </ClInclude>
    <ClInclude Include="NodeEntity.h">
      <Filter>Header Files\SceneGraph</Filter>
    </ClInclude>
    <ClInclude Include="NodeBase.h">
      <Filter>Header Files\SceneGraph</Filter>
    </ClInclude>
    <ClInclude Include="FXMesh3D.h">
      <Filter>Header Files</Filter>
    </ClInclude>
    <ClInclude Include="NodeCam.h">
      <Filter>Header Files</Filter>
    </ClInclude>
    <ClInclude Include="Material.h">
      <Filter>Header Files</Filter>
    </ClInclude>
    <ClInclude Include="NodeLight.h">
      <Filter>Header Files</Filter>
    </ClInclude>
  </ItemGroup>
  <ItemGroup>
    <ClCompile Include="TrinityEngine.cpp">
      <Filter>Source Files</Filter>
    </ClCompile>
    <ClCompile Include="pch.cpp">
      <Filter>Source Files</Filter>
    </ClCompile>
    <ClCompile Include="ButtonControl.cpp">
      <Filter>Source Files\UI</Filter>
    </ClCompile>
    <ClCompile Include="FileRequestorControl.cpp">
      <Filter>Source Files\UI</Filter>
    </ClCompile>
    <ClCompile Include="FrameBufferControl.cpp">
      <Filter>Source Files\UI</Filter>
    </ClCompile>
    <ClCompile Include="HorizontalSplitterControl.cpp">
      <Filter>Source Files\UI</Filter>
    </ClCompile>
    <ClCompile Include="ImageControl.cpp">
      <Filter>Source Files\UI</Filter>
    </ClCompile>
    <ClCompile Include="ListControl.cpp">
      <Filter>Source Files\UI</Filter>
    </ClCompile>
    <ClCompile Include="MainMenuControl.cpp">
      <Filter>Source Files\UI</Filter>
    </ClCompile>
    <ClCompile Include="MapEditControl.cpp">
      <Filter>Source Files\UI</Filter>
    </ClCompile>
    <ClCompile Include="UI.cpp">
      <Filter>Source Files\UI</Filter>
    </ClCompile>
    <ClCompile Include="UIControl.cpp">
      <Filter>Source Files\UI</Filter>
    </ClCompile>
    <ClCompile Include="UIEventClick.cpp">
      <Filter>Source Files\UI</Filter>
    </ClCompile>
    <ClCompile Include="UIEvent.cpp">
      <Filter>Source Files\UI</Filter>
    </ClCompile>
    <ClCompile Include="UITheme.cpp">
      <Filter>Source Files\UI</Filter>
    </ClCompile>
    <ClCompile Include="UIFont.cpp">
      <Filter>Source Files\UI</Filter>
    </ClCompile>
    <ClCompile Include="VerticalSplitterControl.cpp">
      <Filter>Source Files\UI</Filter>
    </ClCompile>
    <ClCompile Include="WindowControl.cpp">
      <Filter>Source Files\UI</Filter>
    </ClCompile>
    <ClCompile Include="UITheme_Neon.cpp">
      <Filter>Source Files\UI</Filter>
    </ClCompile>
    <ClCompile Include="Application.cpp">
      <Filter>Source Files\App</Filter>
    </ClCompile>
    <ClCompile Include="kFrameBuffer.cpp">
      <Filter>Source Files\Framebuffer</Filter>
    </ClCompile>
    <ClCompile Include="IDraw.cpp">
      <Filter>Source Files\Draw</Filter>
    </ClCompile>
    <ClCompile Include="kEffect.cpp">
      <Filter>Source Files\Effect</Filter>
    </ClCompile>
    <ClCompile Include="FXImageDraw.cpp">
      <Filter>Source Files\Effect</Filter>
    </ClCompile>
    <ClCompile Include="Map.cpp">
      <Filter>Source Files\Map</Filter>
    </ClCompile>
    <ClCompile Include="MapTile.cpp">
      <Filter>Source Files\Map</Filter>
    </ClCompile>
    <ClCompile Include="Texture2D.cpp">
      <Filter>Source Files\Texture</Filter>
    </ClCompile>
    <ClCompile Include="kFont.cpp">
      <Filter>Source Files\Draw</Filter>
    </ClCompile>
    <ClCompile Include="Utils.cpp">
      <Filter>Source Files\Util</Filter>
    </ClCompile>
    <ClCompile Include="HorizontalSliderControl.cpp">
      <Filter>Source Files\UI</Filter>
    </ClCompile>
    <ClCompile Include="VerticalSrollerControl.cpp">
      <Filter>Source Files\UI</Filter>
    </ClCompile>
    <ClCompile Include="MapLight.cpp">
      <Filter>Source Files\Map</Filter>
    </ClCompile>
    <ClCompile Include="LabelControl.cpp">
      <Filter>Source Files\UI</Filter>
    </ClCompile>
    <ClCompile Include="VideoPlayerControl.cpp">
      <Filter>Source Files\UI</Filter>
    </ClCompile>
    <ClCompile Include="FXLight2D.cpp">
      <Filter>Source Files\Effect</Filter>
    </ClCompile>
    <ClCompile Include="MapNode.cpp">
      <Filter>Source Files\Map</Filter>
    </ClCompile>
    <ClCompile Include="AppState.cpp">
      <Filter>Source Files\App</Filter>
    </ClCompile>
    <ClCompile Include="BoolControl.cpp">
      <Filter>Source Files\UI</Filter>
    </ClCompile>
    <ClCompile Include="MapSprite.cpp">
      <Filter>Source Files\Map</Filter>
    </ClCompile>
    <ClCompile Include="NumericControl.cpp">
      <Filter>Source Files\UI</Filter>
    </ClCompile>
    <ClCompile Include="TreeViewControl.cpp">
      <Filter>Source Files\UI</Filter>
    </ClCompile>
    <ClCompile Include="TreeItem.cpp">
      <Filter>Source Files\UI</Filter>
    </ClCompile>
    <ClCompile Include="ToolsControl.cpp">
      <Filter>Source Files\UI</Filter>
    </ClCompile>
    <ClCompile Include="TextBoxControl.cpp">
      <Filter>Source Files\UI</Filter>
    </ClCompile>
    <ClCompile Include="SpriteAnim.cpp">
      <Filter>Source Files\Map</Filter>
    </ClCompile>
    <ClCompile Include="SoundEngine.cpp">
      <Filter>Source Files\Sound</Filter>
    </ClCompile>
    <ClCompile Include="AIFSM.cpp">
      <Filter>Source Files\AI</Filter>
    </ClCompile>
    <ClCompile Include="AIState.cpp">
      <Filter>Source Files\AI</Filter>
    </ClCompile>
    <ClCompile Include="CLImageProcessor.cpp">
      <Filter>Source Files\CL</Filter>
    </ClCompile>
    <ClCompile Include="FXLightMap2D.cpp">
      <Filter>Source Files\Effect</Filter>
    </ClCompile>
    <ClCompile Include="FXSoftParticle2D.cpp">
      <Filter>Source Files\Effect</Filter>
    </ClCompile>
    <ClCompile Include="FXShadow2D.cpp">
      <Filter>Source Files\Effect</Filter>
    </ClCompile>
    <ClCompile Include="FXPreShadow2D.cpp">
      <Filter>Source Files\Effect</Filter>
    </ClCompile>
    <ClCompile Include="MapDecal.cpp">
      <Filter>Source Files\Map</Filter>
    </ClCompile>
    <ClCompile Include="MapRenderer.cpp">
      <Filter>Source Files\Map</Filter>
    </ClCompile>
    <ClCompile Include="VFile.cpp">
      <Filter>Source Files\IO</Filter>
    </ClCompile>
    <ClCompile Include="VirtualFile.cpp">
      <Filter>Source Files\IO</Filter>
    </ClCompile>
    <ClCompile Include="VirtualFileSystem.cpp">
      <Filter>Source Files\IO</Filter>
    </ClCompile>
    <ClCompile Include="ParticleSystem.cpp">
      <Filter>Source Files\VFX</Filter>
    </ClCompile>
    <ClCompile Include="ParticleBase.cpp">
      <Filter>Source Files\VFX</Filter>
    </ClCompile>
    <ClCompile Include="VString.cpp">
      <Filter>Source Files\Util</Filter>
    </ClCompile>
    <ClCompile Include="VList.cpp">
      <Filter>Source Files\Util</Filter>
    </ClCompile>
    <ClCompile Include="TMaths.cpp">
      <Filter>Source Files\Util</Filter>
    </ClCompile>
    <ClCompile Include="strings.cpp">
      <Filter>Source Files\Util</Filter>
    </ClCompile>
    <ClCompile Include="SoundSource.cpp">
      <Filter>Source Files\Sound</Filter>
    </ClCompile>
    <ClCompile Include="SoundChannel.cpp">
      <Filter>Source Files\Sound</Filter>
    </ClCompile>
    <ClCompile Include="ShadowBaker.cpp">
      <Filter>Source Files\CL</Filter>
    </ClCompile>
    <ClCompile Include="Mesh2D.cpp">
      <Filter>Source Files\Map</Filter>
    </ClCompile>
    <ClCompile Include="NodeServer.cpp">
      <Filter>Source Files\Script</Filter>
    </ClCompile>
    <ClCompile Include="LScript.cpp">
      <Filter>Source Files\Script</Filter>
    </ClCompile>
    <ClCompile Include="EngGlobal.cpp">
      <Filter>Source Files\App</Filter>
    </ClCompile>
    <ClCompile Include="ControlInput.cpp">
      <Filter>Source Files\Input</Filter>
    </ClCompile>
    <ClCompile Include="ModelImport.cpp">
      <Filter>Source Files\Import</Filter>
    </ClCompile>
    <ClCompile Include="Mesh3D.cpp">
      <Filter>Source Files\Mesh</Filter>
    </ClCompile>
    <ClCompile Include="SceneGraph.cpp">
      <Filter>Source Files\SceneGraph</Filter>
    </ClCompile>
    <ClCompile Include="NodeEntity.cpp">
      <Filter>Source Files\SceneGraph</Filter>
    </ClCompile>
    <ClCompile Include="NodeBase.cpp">
      <Filter>Source Files\SceneGraph</Filter>
    </ClCompile>
    <ClCompile Include="FXMesh3D.cpp">
      <Filter>Source Files</Filter>
    </ClCompile>
    <ClCompile Include="NodeCam.cpp">
      <Filter>Source Files</Filter>
    </ClCompile>
    <ClCompile Include="Material.cpp">
      <Filter>Source Files</Filter>
    </ClCompile>
    <ClCompile Include="NodeLight.cpp">
      <Filter>Source Files</Filter>
    </ClCompile>
  </ItemGroup>
  <ItemGroup>
    <None Include="packages.config" />
  </ItemGroup>
</Project>